{
  "name": "extranet",
  "version": "1.0.0",
  "lockfileVersion": 1,
  "requires": true,
  "dependencies": {
    "@prettier/plugin-php": {
      "version": "github:prettier/plugin-php#fa6fad1f76b987649c2a49b00dadf181cc4090d7",
      "from": "github:prettier/plugin-php",
      "dev": true,
      "requires": {
        "php-parser": "github:glayzzle/php-parser#29e53aa16247499ef5d8987d780d3b33ac27b538"
      }
    },
    "php-parser": {
      "version": "github:glayzzle/php-parser#29e53aa16247499ef5d8987d780d3b33ac27b538",
      "from": "github:glayzzle/php-parser#29e53aa16247499ef5d8987d780d3b33ac27b538",
      "dev": true
    },
    "prettier": {
      "version": "1.13.5",
      "resolved": "https://registry.npmjs.org/prettier/-/prettier-1.13.5.tgz",
      "integrity": "sha512-4M90mfvLz6yRf2Dhzd+xPIE6b4xkI8nHMJhsSm9IlfG17g6wujrrm7+H1X8x52tC4cSNm6HmuhCUSNe6Hd5wfw==",
      "dev": true
    }
  }
}
